# This file is autogenerated, do not edit; changes may be undone by the next 'dep ensure'.


[[projects]]
  branch = "master"
  digest = "1:b381f42ff2aa50a63ba08355211e9543b03da2651f887c7ff66efc4dd3e4a46a"
  name = "github.com/go-gl/gl"
  packages = ["v4.1-core/gl"]
  pruneopts = "T"
  revision = "bf2b1f2f34d7f6a60a99a830f65dcd6afb0c6587"

[[projects]]
  branch = "master"
  digest = "1:3fd005edbb2442c8f8e4c0fecda63337878ea918c7e6dfa3df2ce94d47800649"
  name = "github.com/go-gl/glfw"
  packages = ["v3.2/glfw"]
  pruneopts = "T"
  revision = "e6da0acd62b1b57ee2799d4d0a76a7d4514dc5bc"

[solve-meta]
  analyzer-name = "dep"
  analyzer-version = 1
  input-imports = [
    "github.com/go-gl/gl/v4.1-core/gl",
    "github.com/go-gl/glfw/v3.2/glfw",
  ]
  solver-name = "gps-cdcl"
  solver-version = 1
